Microsoft Visual Studio Solution File, Format Version 12.00
# Visual Studio Version 16
VisualStudioVersion = 16.0.0.0
MinimumVisualStudioVersion = 16.0.0.0
Project("{9A19103F-16F7-4668-BE54-9A1E7A4F7556}") = "ModularSys.Web", "ModularSys.Web\ModularSys.Web.csproj", "{7CD6E5E1-865F-4991-A4F7-3D4CDDCC6E83}"
EndProject
Project("{9A19103F-16F7-4668-BE54-9A1E7A4F7556}") = "ModularSys.Web.Client", "ModularSys.Web.Client\ModularSys.Web.Client.csproj", "{315CE56E-123F-4342-9639-0BD95CAB35FA}"
EndProject
Global
	GlobalSection(SolutionConfigurationPlatforms) = preSolution
		Debug|Any CPU = Debug|Any CPU
		Debug|x64 = Debug|x64
		Debug|x86 = Debug|x86
		Release|Any CPU = Release|Any CPU
		Release|x64 = Release|x64
		Release|x86 = Release|x86
	EndGlobalSection
	GlobalSection(ProjectConfigurationPlatforms) = postSolution
		{315CE56E-123F-4342-9639-0BD95CAB35FA}.Debug|Any CPU.ActiveCfg = Debug|Any CPU
		{315CE56E-123F-4342-9639-0BD95CAB35FA}.Debug|Any CPU.Build.0 = Debug|Any CPU
		{315CE56E-123F-4342-9639-0BD95CAB35FA}.Debug|x64.ActiveCfg = Debug|Any CPU
		{315CE56E-123F-4342-9639-0BD95CAB35FA}.Debug|x64.Build.0 = Debug|Any CPU
		{315CE56E-123F-4342-9639-0BD95CAB35FA}.Debug|x86.ActiveCfg = Debug|Any CPU
		{315CE56E-123F-4342-9639-0BD95CAB35FA}.Debug|x86.Build.0 = Debug|Any CPU
		{315CE56E-123F-4342-9639-0BD95CAB35FA}.Release|Any CPU.ActiveCfg = Release|Any CPU
		{315CE56E-123F-4342-9639-0BD95CAB35FA}.Release|Any CPU.Build.0 = Release|Any CPU
		{315CE56E-123F-4342-9639-0BD95CAB35FA}.Release|x64.ActiveCfg = Release|Any CPU
		{315CE56E-123F-4342-9639-0BD95CAB35FA}.Release|x64.Build.0 = Release|Any CPU
		{315CE56E-123F-4342-9639-0BD95CAB35FA}.Release|x86.ActiveCfg = Release|Any CPU
		{315CE56E-123F-4342-9639-0BD95CAB35FA}.Release|x86.Build.0 = Release|Any CPU
		{7CD6E5E1-865F-4991-A4F7-3D4CDDCC6E83}.Debug|Any CPU.ActiveCfg = Debug|Any CPU
		{7CD6E5E1-865F-4991-A4F7-3D4CDDCC6E83}.Debug|Any CPU.Build.0 = Debug|Any CPU
		{7CD6E5E1-865F-4991-A4F7-3D4CDDCC6E83}.Debug|x64.ActiveCfg = Debug|Any CPU
		{7CD6E5E1-865F-4991-A4F7-3D4CDDCC6E83}.Debug|x64.Build.0 = Debug|Any CPU
		{7CD6E5E1-865F-4991-A4F7-3D4CDDCC6E83}.Debug|x86.ActiveCfg = Debug|Any CPU
		{7CD6E5E1-865F-4991-A4F7-3D4CDDCC6E83}.Debug|x86.Build.0 = Debug|Any CPU
		{7CD6E5E1-865F-4991-A4F7-3D4CDDCC6E83}.Release|Any CPU.ActiveCfg = Release|Any CPU
		{7CD6E5E1-865F-4991-A4F7-3D4CDDCC6E83}.Release|Any CPU.Build.0 = Release|Any CPU
		{7CD6E5E1-865F-4991-A4F7-3D4CDDCC6E83}.Release|x64.ActiveCfg = Release|Any CPU
		{7CD6E5E1-865F-4991-A4F7-3D4CDDCC6E83}.Release|x64.Build.0 = Release|Any CPU
		{7CD6E5E1-865F-4991-A4F7-3D4CDDCC6E83}.Release|x86.ActiveCfg = Release|Any CPU
		{7CD6E5E1-865F-4991-A4F7-3D4CDDCC6E83}.Release|x86.Build.0 = Release|Any CPU
	EndGlobalSection
	GlobalSection(SolutionProperties) = preSolution
		HideSolutionNode = FALSE
	EndGlobalSection
	GlobalSection(ExtensibilityGlobals) = postSolution
		SolutionGuid = {4B0EF2BA-9BEB-4875-B0DB-81DAA650D392}
	EndGlobalSection
EndGlobal
